%{"amqp": {:hex, :amqp, "0.1.4", "5d9112c3a850234559073c23fda173364dfd11d8ce8d0138cd46f653fdc55f08", [:mix], [{:amqp_client, ">= 3.5.6", [hex: :amqp_client, optional: false]}]},
  "amqp_client": {:git, "https://github.com/dsrosario/amqp_client.git", "3b3086534875c783803fcef7c5befaddd57a4561", [branch: "erlang_otp_19"]},
  "briefly": {:hex, :briefly, "0.3.0", "16e6b76d2070ebc9cbd025fa85cf5dbaf52368c4bd896fb482b5a6b95a540c2f", [:mix], []},
  "certifi": {:hex, :certifi, "0.4.0", "a7966efb868b179023618d29a407548f70c52466bf1849b9e8ebd0e34b7ea11f", [:rebar3], []},
  "combine": {:hex, :combine, "0.9.2", "cd3c8721f378ebe032487d8a4fa2ced3181a456a3c21b16464da8c46904bb552", [:mix], []},
  "con_cache": {:hex, :con_cache, "0.11.1", "acbe5a1d10c47faba30d9629c9121e1ef9bca0aa5eddbb86f4e777bd9f9f9b6f", [:mix], [{:exactor, "~> 2.2.0", [hex: :exactor, optional: false]}]},
  "elmdb": {:hex, :elmdb, "0.4.1", "af0765a4117de44d9cac199d4aed9077ca11d652c43251d4d208f917243d30d7", [:rebar3], []},
  "ex_aws": {:hex, :ex_aws, "1.0.0-beta3", "556fbb8c05ead852bcf80964888c826aeacbe234474f402f924b30175fba0008", [:mix], [{:gen_stage, "~> 0.5.0", [hex: :gen_stage, optional: false]}, {:hackney, "~> 1.5", [hex: :hackney, optional: true]}, {:jsx, "~> 2.8", [hex: :jsx, optional: true]}, {:poison, "~> 1.2 or ~> 2.0", [hex: :poison, optional: true]}, {:sweet_xml, "~> 0.5", [hex: :sweet_xml, optional: true]}]},
  "exactor": {:hex, :exactor, "2.2.2", "90b27d72c05614801a60f8400afd4e4346dfc33ea9beffe3b98a794891d2ff96", [:mix], []},
  "gen_stage": {:hex, :gen_stage, "0.5.0", "758068f3a81286e342a609d668e9624714c2e4d43cc26699ead04d1680fde6c6", [:mix], []},
  "gettext": {:hex, :gettext, "0.11.0", "80c1dd42d270482418fa158ec5ba073d2980e3718bacad86f3d4ad71d5667679", [:mix], []},
  "hackney": {:hex, :hackney, "1.6.1", "ddd22d42db2b50e6a155439c8811b8f6df61a4395de10509714ad2751c6da817", [:rebar3], [{:certifi, "0.4.0", [hex: :certifi, optional: false]}, {:idna, "1.2.0", [hex: :idna, optional: false]}, {:metrics, "1.0.1", [hex: :metrics, optional: false]}, {:mimerl, "1.0.2", [hex: :mimerl, optional: false]}, {:ssl_verify_fun, "1.1.0", [hex: :ssl_verify_fun, optional: false]}]},
  "idna": {:hex, :idna, "1.2.0", "ac62ee99da068f43c50dc69acf700e03a62a348360126260e87f2b54eced86b2", [:rebar3], []},
  "metrics": {:hex, :metrics, "1.0.1", "25f094dea2cda98213cecc3aeff09e940299d950904393b2a29d191c346a8486", [:rebar3], []},
  "mimerl": {:hex, :mimerl, "1.0.2", "993f9b0e084083405ed8252b99460c4f0563e41729ab42d9074fd5e52439be88", [:rebar3], []},
  "poison": {:hex, :poison, "2.2.0", "4763b69a8a77bd77d26f477d196428b741261a761257ff1cf92753a0d4d24a63", [:mix], []},
  "rabbit_common": {:git, "https://github.com/jbrisbin/rabbit_common.git", "eea16abd375981d16595d2cefaac893c7281187b", [tag: "rabbitmq-3.5.6"]},
  "ssl_verify_fun": {:hex, :ssl_verify_fun, "1.1.0", "edee20847c42e379bf91261db474ffbe373f8acb56e9079acb6038d4e0bf414f", [:rebar, :make], []},
  "sweet_xml": {:hex, :sweet_xml, "0.6.1", "a56f235171f35a32807ce44798dedc748ce249fca574674fecd29c1321cab0de", [:mix], []},
  "timex": {:hex, :timex, "3.0.8", "71d5ebafcdc557c6c866cdc196c5054f587e7cd1118ad8937e2293d51fc85608", [:mix], [{:combine, "~> 0.7", [hex: :combine, optional: false]}, {:gettext, "~> 0.10", [hex: :gettext, optional: false]}, {:tzdata, "~> 0.1.8 or ~> 0.5", [hex: :tzdata, optional: false]}]},
  "tzdata": {:hex, :tzdata, "0.5.9", "575be217b039057a47e133b72838cbe104fb5329b19906ea4e66857001c37edb", [:mix], [{:hackney, "~> 1.0", [hex: :hackney, optional: false]}]},
  "yamerl": {:git, "https://github.com/yakaz/yamerl.git", "3f46bf06b9aa7c17ea6038dc8cf1ae078fc0c497", []},
  "yaml_elixir": {:hex, :yaml_elixir, "1.0.0", "a0b703148aa8926a08fc14619c83e9cdf7555ff7e8bb9e74c08aa716eaf8c609", [:mix], []}}
